
Microsoft Visual Studio Solution File, Format Version 12.00
# Visual Studio Version 16
VisualStudioVersion = 16.0.31624.102
MinimumVisualStudioVersion = 10.0.40219.1
Project("{FAE04EC0-301F-11D3-BF4B-00C04F79EFBC}") = "Calculadora_Funcional", "Calculadora_Funcional\Calculadora_Funcional.csproj", "{BE8D7F41-F775-4D2F-A525-AF47AC97B6C5}"
EndProject
Global
	GlobalSection(SolutionConfigurationPlatforms) = preSolution
		Debug|Any CPU = Debug|Any CPU
		Release|Any CPU = Release|Any CPU
	EndGlobalSection
	GlobalSection(ProjectConfigurationPlatforms) = postSolution
		{BE8D7F41-F775-4D2F-A525-AF47AC97B6C5}.Debug|Any CPU.ActiveCfg = Debug|Any CPU
		{BE8D7F41-F775-4D2F-A525-AF47AC97B6C5}.Debug|Any CPU.Build.0 = Debug|Any CPU
		{BE8D7F41-F775-4D2F-A525-AF47AC97B6C5}.Release|Any CPU.ActiveCfg = Release|Any CPU
		{BE8D7F41-F775-4D2F-A525-AF47AC97B6C5}.Release|Any CPU.Build.0 = Release|Any CPU
	EndGlobalSection
	GlobalSection(SolutionProperties) = preSolution
		HideSolutionNode = FALSE
	EndGlobalSection
	GlobalSection(ExtensibilityGlobals) = postSolution
		SolutionGuid = {C16A1B15-4A5C-41CA-934C-9686168023F0}
	EndGlobalSection
EndGlobal
